
Microsoft Visual Studio Solution File, Format Version 12.00
# Visual Studio Version 17
VisualStudioVersion = 17.0.32014.148
MinimumVisualStudioVersion = 10.0.40219.1
Project("{9A19103F-16F7-4668-BE54-9A1E7A4F7556}") = "Weather.Api", "Weather.Api\Weather.Api.csproj", "{8CA5B4CE-F842-47DA-A94C-53526A42E80F}"
EndProject
Project("{9A19103F-16F7-4668-BE54-9A1E7A4F7556}") = "Weather.ServiceLayer", "Weather.ServiceLayer\Weather.ServiceLayer.csproj", "{2CD7A9E6-8E95-474D-9C6E-937E3E4F1819}"
EndProject
Project("{FAE04EC0-301F-11D3-BF4B-00C04F79EFBC}") = "Weather.DataLayer", "Weather.DataLayer\Weather.DataLayer.csproj", "{343251FB-3372-4362-A48B-6549530BC93D}"
EndProject
Project("{FAE04EC0-301F-11D3-BF4B-00C04F79EFBC}") = "Weather.Api.Test", "Weather.Api.Test\Weather.Api.Test.csproj", "{8E3B5B0C-E371-4E1A-B3F5-45629DBF5632}"
EndProject
Global
	GlobalSection(SolutionConfigurationPlatforms) = preSolution
		Debug|Any CPU = Debug|Any CPU
		Release|Any CPU = Release|Any CPU
	EndGlobalSection
	GlobalSection(ProjectConfigurationPlatforms) = postSolution
		{8CA5B4CE-F842-47DA-A94C-53526A42E80F}.Debug|Any CPU.ActiveCfg = Debug|Any CPU
		{8CA5B4CE-F842-47DA-A94C-53526A42E80F}.Debug|Any CPU.Build.0 = Debug|Any CPU
		{8CA5B4CE-F842-47DA-A94C-53526A42E80F}.Release|Any CPU.ActiveCfg = Release|Any CPU
		{8CA5B4CE-F842-47DA-A94C-53526A42E80F}.Release|Any CPU.Build.0 = Release|Any CPU
		{2CD7A9E6-8E95-474D-9C6E-937E3E4F1819}.Debug|Any CPU.ActiveCfg = Debug|Any CPU
		{2CD7A9E6-8E95-474D-9C6E-937E3E4F1819}.Debug|Any CPU.Build.0 = Debug|Any CPU
		{2CD7A9E6-8E95-474D-9C6E-937E3E4F1819}.Release|Any CPU.ActiveCfg = Release|Any CPU
		{2CD7A9E6-8E95-474D-9C6E-937E3E4F1819}.Release|Any CPU.Build.0 = Release|Any CPU
		{343251FB-3372-4362-A48B-6549530BC93D}.Debug|Any CPU.ActiveCfg = Debug|Any CPU
		{343251FB-3372-4362-A48B-6549530BC93D}.Debug|Any CPU.Build.0 = Debug|Any CPU
		{343251FB-3372-4362-A48B-6549530BC93D}.Release|Any CPU.ActiveCfg = Release|Any CPU
		{343251FB-3372-4362-A48B-6549530BC93D}.Release|Any CPU.Build.0 = Release|Any CPU
		{8E3B5B0C-E371-4E1A-B3F5-45629DBF5632}.Debug|Any CPU.ActiveCfg = Debug|Any CPU
		{8E3B5B0C-E371-4E1A-B3F5-45629DBF5632}.Debug|Any CPU.Build.0 = Debug|Any CPU
		{8E3B5B0C-E371-4E1A-B3F5-45629DBF5632}.Release|Any CPU.ActiveCfg = Release|Any CPU
		{8E3B5B0C-E371-4E1A-B3F5-45629DBF5632}.Release|Any CPU.Build.0 = Release|Any CPU
	EndGlobalSection
	GlobalSection(SolutionProperties) = preSolution
		HideSolutionNode = FALSE
	EndGlobalSection
	GlobalSection(ExtensibilityGlobals) = postSolution
		SolutionGuid = {B2D437F5-7125-492F-B956-0062933B4A9B}
	EndGlobalSection
EndGlobal
